
Microsoft Visual Studio Solution File, Format Version 12.00
# Visual Studio Version 16
VisualStudioVersion = 16.0.31515.178
MinimumVisualStudioVersion = 10.0.40219.1
Project("{8BC9CEB8-8B4A-11D0-8D11-00A0C91BC942}") = "串的堆分配存储结构", "串的堆分配存储结构.vcxproj", "{72B650B5-9BA8-4501-8789-28035AA69D66}"
EndProject
Global
	GlobalSection(SolutionConfigurationPlatforms) = preSolution
		Debug|x64 = Debug|x64
		Debug|x86 = Debug|x86
		Release|x64 = Release|x64
		Release|x86 = Release|x86
	EndGlobalSection
	GlobalSection(ProjectConfigurationPlatforms) = postSolution
		{72B650B5-9BA8-4501-8789-28035AA69D66}.Debug|x64.ActiveCfg = Debug|x64
		{72B650B5-9BA8-4501-8789-28035AA69D66}.Debug|x64.Build.0 = Debug|x64
		{72B650B5-9BA8-4501-8789-28035AA69D66}.Debug|x86.ActiveCfg = Debug|Win32
		{72B650B5-9BA8-4501-8789-28035AA69D66}.Debug|x86.Build.0 = Debug|Win32
		{72B650B5-9BA8-4501-8789-28035AA69D66}.Release|x64.ActiveCfg = Release|x64
		{72B650B5-9BA8-4501-8789-28035AA69D66}.Release|x64.Build.0 = Release|x64
		{72B650B5-9BA8-4501-8789-28035AA69D66}.Release|x86.ActiveCfg = Release|Win32
		{72B650B5-9BA8-4501-8789-28035AA69D66}.Release|x86.Build.0 = Release|Win32
	EndGlobalSection
	GlobalSection(SolutionProperties) = preSolution
		HideSolutionNode = FALSE
	EndGlobalSection
	GlobalSection(ExtensibilityGlobals) = postSolution
		SolutionGuid = {7406887B-FC07-45C8-B5A5-1FFFC0D8CF27}
	EndGlobalSection
EndGlobal
